
Microsoft Visual Studio Solution File, Format Version 12.00
# Visual Studio Version 16
VisualStudioVersion = 16.0.30804.86
MinimumVisualStudioVersion = 10.0.40219.1
Project("{9A19103F-16F7-4668-BE54-9A1E7A4F7556}") = "TestConsole", "TestConsole\TestConsole.csproj", "{FB4C7C13-4845-4988-A84C-C443E5A5C730}"
EndProject
Project("{9A19103F-16F7-4668-BE54-9A1E7A4F7556}") = "FormatageString", "FormatageString\FormatageString.csproj", "{51F6C28C-6B84-4585-A30A-0AD210A0D69C}"
EndProject
Global
	GlobalSection(SolutionConfigurationPlatforms) = preSolution
		Debug|Any CPU = Debug|Any CPU
		Release|Any CPU = Release|Any CPU
	EndGlobalSection
	GlobalSection(ProjectConfigurationPlatforms) = postSolution
		{FB4C7C13-4845-4988-A84C-C443E5A5C730}.Debug|Any CPU.ActiveCfg = Debug|Any CPU
		{FB4C7C13-4845-4988-A84C-C443E5A5C730}.Debug|Any CPU.Build.0 = Debug|Any CPU
		{FB4C7C13-4845-4988-A84C-C443E5A5C730}.Release|Any CPU.ActiveCfg = Release|Any CPU
		{FB4C7C13-4845-4988-A84C-C443E5A5C730}.Release|Any CPU.Build.0 = Release|Any CPU
		{51F6C28C-6B84-4585-A30A-0AD210A0D69C}.Debug|Any CPU.ActiveCfg = Debug|Any CPU
		{51F6C28C-6B84-4585-A30A-0AD210A0D69C}.Debug|Any CPU.Build.0 = Debug|Any CPU
		{51F6C28C-6B84-4585-A30A-0AD210A0D69C}.Release|Any CPU.ActiveCfg = Release|Any CPU
		{51F6C28C-6B84-4585-A30A-0AD210A0D69C}.Release|Any CPU.Build.0 = Release|Any CPU
	EndGlobalSection
	GlobalSection(SolutionProperties) = preSolution
		HideSolutionNode = FALSE
	EndGlobalSection
	GlobalSection(ExtensibilityGlobals) = postSolution
		SolutionGuid = {6BC5E567-7B98-4071-A162-08B0BC835FDD}
	EndGlobalSection
EndGlobal
